// !$*UTF8*$!
{
	archiveVersion = 1;
	classes = {
	};
	objectVersion = 50;
	objects = {

/* Begin PBXBuildFile section */
		2B25BC3724A30A75008BE5B4 /* AppDelegate.m in Sources */ = {isa = PBXBuildFile; fileRef = 2B25BC3624A30A75008BE5B4 /* AppDelegate.m */; };
		2B25BC3A24A30A75008BE5B4 /* SceneDelegate.m in Sources */ = {isa = PBXBuildFile; fileRef = 2B25BC3924A30A75008BE5B4 /* SceneDelegate.m */; };
		2B25BC3D24A30A75008BE5B4 /* ViewController.m in Sources */ = {isa = PBXBuildFile; fileRef = 2B25BC3C24A30A75008BE5B4 /* ViewController.m */; };
		2B25BC4024A30A75008BE5B4 /* Main.storyboard in Resources */ = {isa = PBXBuildFile; fileRef = 2B25BC3E24A30A75008BE5B4 /* Main.storyboard */; };
		2B25BC4224A30A79008BE5B4 /* Assets.xcassets in Resources */ = {isa = PBXBuildFile; fileRef = 2B25BC4124A30A79008BE5B4 /* Assets.xcassets */; };
		2B25BC4524A30A79008BE5B4 /* LaunchScreen.storyboard in Resources */ = {isa = PBXBuildFile; fileRef = 2B25BC4324A30A79008BE5B4 /* LaunchScreen.storyboard */; };
		2B25BC4824A30A79008BE5B4 /* main.m in Sources */ = {isa = PBXBuildFile; fileRef = 2B25BC4724A30A79008BE5B4 /* main.m */; };
		2B25BC5224A30A79008BE5B4 /* KVOTests.m in Sources */ = {isa = PBXBuildFile; fileRef = 2B25BC5124A30A79008BE5B4 /* KVOTests.m */; };
		2B25BC5D24A30A79008BE5B4 /* KVOUITests.m in Sources */ = {isa = PBXBuildFile; fileRef = 2B25BC5C24A30A79008BE5B4 /* KVOUITests.m */; };
		2B25BC6C24A30CEE008BE5B4 /* Dog.m in Sources */ = {isa = PBXBuildFile; fileRef = 2B25BC6B24A30CEE008BE5B4 /* Dog.m */; };
		2B25BC6F24A31AB1008BE5B4 /* HJPerson.m in Sources */ = {isa = PBXBuildFile; fileRef = 2B25BC6E24A31AB1008BE5B4 /* HJPerson.m */; };
/* End PBXBuildFile section */

/* Begin PBXContainerItemProxy section */
		2B25BC4E24A30A79008BE5B4 /* PBXContainerItemProxy */ = {
			isa = PBXContainerItemProxy;
			containerPortal = 2B25BC2A24A30A75008BE5B4 /* Project object */;
			proxyType = 1;
			remoteGlobalIDString = 2B25BC3124A30A75008BE5B4;
			remoteInfo = KVO;
		};
		2B25BC5924A30A79008BE5B4 /* PBXContainerItemProxy */ = {
			isa = PBXContainerItemProxy;
			containerPortal = 2B25BC2A24A30A75008BE5B4 /* Project object */;
			proxyType = 1;
			remoteGlobalIDString = 2B25BC3124A30A75008BE5B4;
			remoteInfo = KVO;
		};
/* End PBXContainerItemProxy section */

/* Begin PBXFileReference section */
		2B25BC3224A30A75008BE5B4 /* KVO.app */ = {isa = PBXFileReference; explicitFileType = wrapper.application; includeInIndex = 0; path = KVO.app; sourceTree = BUILT_PRODUCTS_DIR; };
		2B25BC3524A30A75008BE5B4 /* AppDelegate.h */ = {isa = PBXFileReference; lastKnownFileType = sourcecode.c.h; path = AppDelegate.h; sourceTree = "<group>"; };
		2B25BC3624A30A75008BE5B4 /* AppDelegate.m */ = {isa = PBXFileReference; lastKnownFileType = sourcecode.c.objc; path = AppDelegate.m; sourceTree = "<group>"; };
		2B25BC3824A30A75008BE5B4 /* SceneDelegate.h */ = {isa = PBXFileReference; lastKnownFileType = sourcecode.c.h; path = SceneDelegate.h; sourceTree = "<group>"; };
		2B25BC3924A30A75008BE5B4 /* SceneDelegate.m */ = {isa = PBXFileReference; lastKnownFileType = sourcecode.c.objc; path = SceneDelegate.m; sourceTree = "<group>"; };
		2B25BC3B24A30A75008BE5B4 /* ViewController.h */ = {isa = PBXFileReference; lastKnownFileType = sourcecode.c.h; path = ViewController.h; sourceTree = "<group>"; };
		2B25BC3C24A30A75008BE5B4 /* ViewController.m */ = {isa = PBXFileReference; lastKnownFileType = sourcecode.c.objc; path = ViewController.m; sourceTree = "<group>"; };
		2B25BC3F24A30A75008BE5B4 /* Base */ = {isa = PBXFileReference; lastKnownFileType = file.storyboard; name = Base; path = Base.lproj/Main.storyboard; sourceTree = "<group>"; };
		2B25BC4124A30A79008BE5B4 /* Assets.xcassets */ = {isa = PBXFileReference; lastKnownFileType = folder.assetcatalog; path = Assets.xcassets; sourceTree = "<group>"; };
		2B25BC4424A30A79008BE5B4 /* Base */ = {isa = PBXFileReference; lastKnownFileType = file.storyboard; name = Base; path = Base.lproj/LaunchScreen.storyboard; sourceTree = "<group>"; };
		2B25BC4624A30A79008BE5B4 /* Info.plist */ = {isa = PBXFileReference; lastKnownFileType = text.plist.xml; path = Info.plist; sourceTree = "<group>"; };
		2B25BC4724A30A79008BE5B4 /* main.m */ = {isa = PBXFileReference; lastKnownFileType = sourcecode.c.objc; path = main.m; sourceTree = "<group>"; };
		2B25BC4D24A30A79008BE5B4 /* KVOTests.xctest */ = {isa = PBXFileReference; explicitFileType = wrapper.cfbundle; includeInIndex = 0; path = KVOTests.xctest; sourceTree = BUILT_PRODUCTS_DIR; };
		2B25BC5124A30A79008BE5B4 /* KVOTests.m */ = {isa = PBXFileReference; lastKnownFileType = sourcecode.c.objc; path = KVOTests.m; sourceTree = "<group>"; };
		2B25BC5324A30A79008BE5B4 /* Info.plist */ = {isa = PBXFileReference; lastKnownFileType = text.plist.xml; path = Info.plist; sourceTree = "<group>"; };
		2B25BC5824A30A79008BE5B4 /* KVOUITests.xctest */ = {isa = PBXFileReference; explicitFileType = wrapper.cfbundle; includeInIndex = 0; path = KVOUITests.xctest; sourceTree = BUILT_PRODUCTS_DIR; };
		2B25BC5C24A30A79008BE5B4 /* KVOUITests.m */ = {isa = PBXFileReference; lastKnownFileType = sourcecode.c.objc; path = KVOUITests.m; sourceTree = "<group>"; };
		2B25BC5E24A30A79008BE5B4 /* Info.plist */ = {isa = PBXFileReference; lastKnownFileType = text.plist.xml; path = Info.plist; sourceTree = "<group>"; };
		2B25BC6A24A30CEE008BE5B4 /* Dog.h */ = {isa = PBXFileReference; lastKnownFileType = sourcecode.c.h; path = Dog.h; sourceTree = "<group>"; };
		2B25BC6B24A30CEE008BE5B4 /* Dog.m */ = {isa = PBXFileReference; lastKnownFileType = sourcecode.c.objc; path = Dog.m; sourceTree = "<group>"; };
		2B25BC6D24A31AB1008BE5B4 /* HJPerson.h */ = {isa = PBXFileReference; lastKnownFileType = sourcecode.c.h; path = HJPerson.h; sourceTree = "<group>"; };
		2B25BC6E24A31AB1008BE5B4 /* HJPerson.m */ = {isa = PBXFileReference; lastKnownFileType = sourcecode.c.objc; path = HJPerson.m; sourceTree = "<group>"; };
/* End PBXFileReference section */

/* Begin PBXFrameworksBuildPhase section */
		2B25BC2F24A30A75008BE5B4 /* Frameworks */ = {
			isa = PBXFrameworksBuildPhase;
			buildActionMask = 2147483647;
			files = (
			);
			runOnlyForDeploymentPostprocessing = 0;
		};
		2B25BC4A24A30A79008BE5B4 /* Frameworks */ = {
			isa = PBXFrameworksBuildPhase;
			buildActionMask = 2147483647;
			files = (
			);
			runOnlyForDeploymentPostprocessing = 0;
		};
		2B25BC5524A30A79008BE5B4 /* Frameworks */ = {
			isa = PBXFrameworksBuildPhase;
			buildActionMask = 2147483647;
			files = (
			);
			runOnlyForDeploymentPostprocessing = 0;
		};
/* End PBXFrameworksBuildPhase section */

/* Begin PBXGroup section */
		2B25BC2924A30A75008BE5B4 = {
			isa = PBXGroup;
			children = (
				2B25BC3424A30A75008BE5B4 /* KVO */,
				2B25BC5024A30A79008BE5B4 /* KVOTests */,
				2B25BC5B24A30A79008BE5B4 /* KVOUITests */,
				2B25BC3324A30A75008BE5B4 /* Products */,
			);
			sourceTree = "<group>";
		};
		2B25BC3324A30A75008BE5B4 /* Products */ = {
			isa = PBXGroup;
			children = (
				2B25BC3224A30A75008BE5B4 /* KVO.app */,
				2B25BC4D24A30A79008BE5B4 /* KVOTests.xctest */,
				2B25BC5824A30A79008BE5B4 /* KVOUITests.xctest */,
			);
			name = Products;
			sourceTree = "<group>";
		};
		2B25BC3424A30A75008BE5B4 /* KVO */ = {
			isa = PBXGroup;
			children = (
				2B25BC6A24A30CEE008BE5B4 /* Dog.h */,
				2B25BC6B24A30CEE008BE5B4 /* Dog.m */,
				2B25BC6D24A31AB1008BE5B4 /* HJPerson.h */,
				2B25BC6E24A31AB1008BE5B4 /* HJPerson.m */,
				2B25BC3524A30A75008BE5B4 /* AppDelegate.h */,
				2B25BC3624A30A75008BE5B4 /* AppDelegate.m */,
				2B25BC3824A30A75008BE5B4 /* SceneDelegate.h */,
				2B25BC3924A30A75008BE5B4 /* SceneDelegate.m */,
				2B25BC3B24A30A75008BE5B4 /* ViewController.h */,
				2B25BC3C24A30A75008BE5B4 /* ViewController.m */,
				2B25BC3E24A30A75008BE5B4 /* Main.storyboard */,
				2B25BC4124A30A79008BE5B4 /* Assets.xcassets */,
				2B25BC4324A30A79008BE5B4 /* LaunchScreen.storyboard */,
				2B25BC4624A30A79008BE5B4 /* Info.plist */,
				2B25BC4724A30A79008BE5B4 /* main.m */,
			);
			path = KVO;
			sourceTree = "<group>";
		};
		2B25BC5024A30A79008BE5B4 /* KVOTests */ = {
			isa = PBXGroup;
			children = (
				2B25BC5124A30A79008BE5B4 /* KVOTests.m */,
				2B25BC5324A30A79008BE5B4 /* Info.plist */,
			);
			path = KVOTests;
			sourceTree = "<group>";
		};
		2B25BC5B24A30A79008BE5B4 /* KVOUITests */ = {
			isa = PBXGroup;
			children = (
				2B25BC5C24A30A79008BE5B4 /* KVOUITests.m */,
				2B25BC5E24A30A79008BE5B4 /* Info.plist */,
			);
			path = KVOUITests;
			sourceTree = "<group>";
		};
/* End PBXGroup section */

/* Begin PBXNativeTarget section */
		2B25BC3124A30A75008BE5B4 /* KVO */ = {
			isa = PBXNativeTarget;
			buildConfigurationList = 2B25BC6124A30A79008BE5B4 /* Build configuration list for PBXNativeTarget "KVO" */;
			buildPhases = (
				2B25BC2E24A30A75008BE5B4 /* Sources */,
				2B25BC2F24A30A75008BE5B4 /* Frameworks */,
				2B25BC3024A30A75008BE5B4 /* Resources */,
			);
			buildRules = (
			);
			dependencies = (
			);
			name = KVO;
			productName = KVO;
			productReference = 2B25BC3224A30A75008BE5B4 /* KVO.app */;
			productType = "com.apple.product-type.application";
		};
		2B25BC4C24A30A79008BE5B4 /* KVOTests */ = {
			isa = PBXNativeTarget;
			buildConfigurationList = 2B25BC6424A30A79008BE5B4 /* Build configuration list for PBXNativeTarget "KVOTests" */;
			buildPhases = (
				2B25BC4924A30A79008BE5B4 /* Sources */,
				2B25BC4A24A30A79008BE5B4 /* Frameworks */,
				2B25BC4B24A30A79008BE5B4 /* Resources */,
			);
			buildRules = (
			);
			dependencies = (
				2B25BC4F24A30A79008BE5B4 /* PBXTargetDependency */,
			);
			name = KVOTests;
			productName = KVOTests;
			productReference = 2B25BC4D24A30A79008BE5B4 /* KVOTests.xctest */;
			productType = "com.apple.product-type.bundle.unit-test";
		};
		2B25BC5724A30A79008BE5B4 /* KVOUITests */ = {
			isa = PBXNativeTarget;
			buildConfigurationList = 2B25BC6724A30A79008BE5B4 /* Build configuration list for PBXNativeTarget "KVOUITests" */;
			buildPhases = (
				2B25BC5424A30A79008BE5B4 /* Sources */,
				2B25BC5524A30A79008BE5B4 /* Frameworks */,
				2B25BC5624A30A79008BE5B4 /* Resources */,
			);
			buildRules = (
			);
			dependencies = (
				2B25BC5A24A30A79008BE5B4 /* PBXTargetDependency */,
			);
			name = KVOUITests;
			productName = KVOUITests;
			productReference = 2B25BC5824A30A79008BE5B4 /* KVOUITests.xctest */;
			productType = "com.apple.product-type.bundle.ui-testing";
		};
/* End PBXNativeTarget section */

/* Begin PBXProject section */
		2B25BC2A24A30A75008BE5B4 /* Project object */ = {
			isa = PBXProject;
			attributes = {
				LastUpgradeCheck = 1150;
				ORGANIZATIONNAME = "韩惠涛";
				TargetAttributes = {
					2B25BC3124A30A75008BE5B4 = {
						CreatedOnToolsVersion = 11.5;
					};
					2B25BC4C24A30A79008BE5B4 = {
						CreatedOnToolsVersion = 11.5;
						TestTargetID = 2B25BC3124A30A75008BE5B4;
					};
					2B25BC5724A30A79008BE5B4 = {
						CreatedOnToolsVersion = 11.5;
						TestTargetID = 2B25BC3124A30A75008BE5B4;
					};
				};
			};
			buildConfigurationList = 2B25BC2D24A30A75008BE5B4 /* Build configuration list for PBXProject "KVO" */;
			compatibilityVersion = "Xcode 9.3";
			developmentRegion = en;
			hasScannedForEncodings = 0;
			knownRegions = (
				en,
				Base,
			);
			mainGroup = 2B25BC2924A30A75008BE5B4;
			productRefGroup = 2B25BC3324A30A75008BE5B4 /* Products */;
			projectDirPath = "";
			projectRoot = "";
			targets = (
				2B25BC3124A30A75008BE5B4 /* KVO */,
				2B25BC4C24A30A79008BE5B4 /* KVOTests */,
				2B25BC5724A30A79008BE5B4 /* KVOUITests */,
			);
		};
/* End PBXProject section */

/* Begin PBXResourcesBuildPhase section */
		2B25BC3024A30A75008BE5B4 /* Resources */ = {
			isa = PBXResourcesBuildPhase;
			buildActionMask = 2147483647;
			files = (
				2B25BC4524A30A79008BE5B4 /* LaunchScreen.storyboard in Resources */,
				2B25BC4224A30A79008BE5B4 /* Assets.xcassets in Resources */,
				2B25BC4024A30A75008BE5B4 /* Main.storyboard in Resources */,
			);
			runOnlyForDeploymentPostprocessing = 0;
		};
		2B25BC4B24A30A79008BE5B4 /* Resources */ = {
			isa = PBXResourcesBuildPhase;
			buildActionMask = 2147483647;
			files = (
			);
			runOnlyForDeploymentPostprocessing = 0;
		};
		2B25BC5624A30A79008BE5B4 /* Resources */ = {
			isa = PBXResourcesBuildPhase;
			buildActionMask = 2147483647;
			files = (
			);
			runOnlyForDeploymentPostprocessing = 0;
		};
/* End PBXResourcesBuildPhase section */

/* Begin PBXSourcesBuildPhase section */
		2B25BC2E24A30A75008BE5B4 /* Sources */ = {
			isa = PBXSourcesBuildPhase;
			buildActionMask = 2147483647;
			files = (
				2B25BC3D24A30A75008BE5B4 /* ViewController.m in Sources */,
				2B25BC3724A30A75008BE5B4 /* AppDelegate.m in Sources */,
				2B25BC6F24A31AB1008BE5B4 /* HJPerson.m in Sources */,
				2B25BC6C24A30CEE008BE5B4 /* Dog.m in Sources */,
				2B25BC4824A30A79008BE5B4 /* main.m in Sources */,
				2B25BC3A24A30A75008BE5B4 /* SceneDelegate.m in Sources */,
			);
			runOnlyForDeploymentPostprocessing = 0;
		};
		2B25BC4924A30A79008BE5B4 /* Sources */ = {
			isa = PBXSourcesBuildPhase;
			buildActionMask = 2147483647;
			files = (
				2B25BC5224A30A79008BE5B4 /* KVOTests.m in Sources */,
			);
			runOnlyForDeploymentPostprocessing = 0;
		};
		2B25BC5424A30A79008BE5B4 /* Sources */ = {
			isa = PBXSourcesBuildPhase;
			buildActionMask = 2147483647;
			files = (
				2B25BC5D24A30A79008BE5B4 /* KVOUITests.m in Sources */,
			);
			runOnlyForDeploymentPostprocessing = 0;
		};
/* End PBXSourcesBuildPhase section */

/* Begin PBXTargetDependency section */
		2B25BC4F24A30A79008BE5B4 /* PBXTargetDependency */ = {
			isa = PBXTargetDependency;
			target = 2B25BC3124A30A75008BE5B4 /* KVO */;
			targetProxy = 2B25BC4E24A30A79008BE5B4 /* PBXContainerItemProxy */;
		};
		2B25BC5A24A30A79008BE5B4 /* PBXTargetDependency */ = {
			isa = PBXTargetDependency;
			target = 2B25BC3124A30A75008BE5B4 /* KVO */;
			targetProxy = 2B25BC5924A30A79008BE5B4 /* PBXContainerItemProxy */;
		};
/* End PBXTargetDependency section */

/* Begin PBXVariantGroup section */
		2B25BC3E24A30A75008BE5B4 /* Main.storyboard */ = {
			isa = PBXVariantGroup;
			children = (
				2B25BC3F24A30A75008BE5B4 /* Base */,
			);
			name = Main.storyboard;
			sourceTree = "<group>";
		};
		2B25BC4324A30A79008BE5B4 /* LaunchScreen.storyboard */ = {
			isa = PBXVariantGroup;
			children = (
				2B25BC4424A30A79008BE5B4 /* Base */,
			);
			name = LaunchScreen.storyboard;
			sourceTree = "<group>";
		};
/* End PBXVariantGroup section */

/* Begin XCBuildConfiguration section */
		2B25BC5F24A30A79008BE5B4 /* Debug */ = {
			isa = XCBuildConfiguration;
			buildSettings = {
				ALWAYS_SEARCH_USER_PATHS = NO;
				CLANG_ANALYZER_NONNULL = YES;
				CLANG_ANALYZER_NUMBER_OBJECT_CONVERSION = YES_AGGRESSIVE;
				CLANG_CXX_LANGUAGE_STANDARD = "gnu++14";
				CLANG_CXX_LIBRARY = "libc++";
				CLANG_ENABLE_MODULES = YES;
				CLANG_ENABLE_OBJC_ARC = YES;
				CLANG_ENABLE_OBJC_WEAK = YES;
				CLANG_WARN_BLOCK_CAPTURE_AUTORELEASING = YES;
				CLANG_WARN_BOOL_CONVERSION = YES;
				CLANG_WARN_COMMA = YES;
				CLANG_WARN_CONSTANT_CONVERSION = YES;
				CLANG_WARN_DEPRECATED_OBJC_IMPLEMENTATIONS = YES;
				CLANG_WARN_DIRECT_OBJC_ISA_USAGE = YES_ERROR;
				CLANG_WARN_DOCUMENTATION_COMMENTS = YES;
				CLANG_WARN_EMPTY_BODY = YES;
				CLANG_WARN_ENUM_CONVERSION = YES;
				CLANG_WARN_INFINITE_RECURSION = YES;
				CLANG_WARN_INT_CONVERSION = YES;
				CLANG_WARN_NON_LITERAL_NULL_CONVERSION = YES;
				CLANG_WARN_OBJC_IMPLICIT_RETAIN_SELF = YES;
				CLANG_WARN_OBJC_LITERAL_CONVERSION = YES;
				CLANG_WARN_OBJC_ROOT_CLASS = YES_ERROR;
				CLANG_WARN_RANGE_LOOP_ANALYSIS = YES;
				CLANG_WARN_STRICT_PROTOTYPES = YES;
				CLANG_WARN_SUSPICIOUS_MOVE = YES;
				CLANG_WARN_UNGUARDED_AVAILABILITY = YES_AGGRESSIVE;
				CLANG_WARN_UNREACHABLE_CODE = YES;
				CLANG_WARN__DUPLICATE_METHOD_MATCH = YES;
				COPY_PHASE_STRIP = NO;
				DEBUG_INFORMATION_FORMAT = dwarf;
				ENABLE_STRICT_OBJC_MSGSEND = YES;
				ENABLE_TESTABILITY = YES;
				GCC_C_LANGUAGE_STANDARD = gnu11;
				GCC_DYNAMIC_NO_PIC = NO;
				GCC_NO_COMMON_BLOCKS = YES;
				GCC_OPTIMIZATION_LEVEL = 0;
				GCC_PREPROCESSOR_DEFINITIONS = (
					"DEBUG=1",
					"$(inherited)",
				);
				GCC_WARN_64_TO_32_BIT_CONVERSION = YES;
				GCC_WARN_ABOUT_RETURN_TYPE = YES_ERROR;
				GCC_WARN_UNDECLARED_SELECTOR = YES;
				GCC_WARN_UNINITIALIZED_AUTOS = YES_AGGRESSIVE;
				GCC_WARN_UNUSED_FUNCTION = YES;
				GCC_WARN_UNUSED_VARIABLE = YES;
				IPHONEOS_DEPLOYMENT_TARGET = 13.5;
				MTL_ENABLE_DEBUG_INFO = INCLUDE_SOURCE;
				MTL_FAST_MATH = YES;
				ONLY_ACTIVE_ARCH = YES;
				SDKROOT = iphoneos;
			};
			name = Debug;
		};
		2B25BC6024A30A79008BE5B4 /* Release */ = {
			isa = XCBuildConfiguration;
			buildSettings = {
				ALWAYS_SEARCH_USER_PATHS = NO;
				CLANG_ANALYZER_NONNULL = YES;
				CLANG_ANALYZER_NUMBER_OBJECT_CONVERSION = YES_AGGRESSIVE;
				CLANG_CXX_LANGUAGE_STANDARD = "gnu++14";
				CLANG_CXX_LIBRARY = "libc++";
				CLANG_ENABLE_MODULES = YES;
				CLANG_ENABLE_OBJC_ARC = YES;
				CLANG_ENABLE_OBJC_WEAK = YES;
				CLANG_WARN_BLOCK_CAPTURE_AUTORELEASING = YES;
				CLANG_WARN_BOOL_CONVERSION = YES;
				CLANG_WARN_COMMA = YES;
				CLANG_WARN_CONSTANT_CONVERSION = YES;
				CLANG_WARN_DEPRECATED_OBJC_IMPLEMENTATIONS = YES;
				CLANG_WARN_DIRECT_OBJC_ISA_USAGE = YES_ERROR;
				CLANG_WARN_DOCUMENTATION_COMMENTS = YES;
				CLANG_WARN_EMPTY_BODY = YES;
				CLANG_WARN_ENUM_CONVERSION = YES;
				CLANG_WARN_INFINITE_RECURSION = YES;
				CLANG_WARN_INT_CONVERSION = YES;
				CLANG_WARN_NON_LITERAL_NULL_CONVERSION = YES;
				CLANG_WARN_OBJC_IMPLICIT_RETAIN_SELF = YES;
				CLANG_WARN_OBJC_LITERAL_CONVERSION = YES;
				CLANG_WARN_OBJC_ROOT_CLASS = YES_ERROR;
				CLANG_WARN_RANGE_LOOP_ANALYSIS = YES;
				CLANG_WARN_STRICT_PROTOTYPES = YES;
				CLANG_WARN_SUSPICIOUS_MOVE = YES;
				CLANG_WARN_UNGUARDED_AVAILABILITY = YES_AGGRESSIVE;
				CLANG_WARN_UNREACHABLE_CODE = YES;
				CLANG_WARN__DUPLICATE_METHOD_MATCH = YES;
				COPY_PHASE_STRIP = NO;
				DEBUG_INFORMATION_FORMAT = "dwarf-with-dsym";
				ENABLE_NS_ASSERTIONS = NO;
				ENABLE_STRICT_OBJC_MSGSEND = YES;
				GCC_C_LANGUAGE_STANDARD = gnu11;
				GCC_NO_COMMON_BLOCKS = YES;
				GCC_WARN_64_TO_32_BIT_CONVERSION = YES;
				GCC_WARN_ABOUT_RETURN_TYPE = YES_ERROR;
				GCC_WARN_UNDECLARED_SELECTOR = YES;
				GCC_WARN_UNINITIALIZED_AUTOS = YES_AGGRESSIVE;
				GCC_WARN_UNUSED_FUNCTION = YES;
				GCC_WARN_UNUSED_VARIABLE = YES;
				IPHONEOS_DEPLOYMENT_TARGET = 13.5;
				MTL_ENABLE_DEBUG_INFO = NO;
				MTL_FAST_MATH = YES;
				SDKROOT = iphoneos;
				VALIDATE_PRODUCT = YES;
			};
			name = Release;
		};
		2B25BC6224A30A79008BE5B4 /* Debug */ = {
			isa = XCBuildConfiguration;
			buildSettings = {
				ASSETCATALOG_COMPILER_APPICON_NAME = AppIcon;
				CODE_SIGN_STYLE = Automatic;
				INFOPLIST_FILE = KVO/Info.plist;
				LD_RUNPATH_SEARCH_PATHS = (
					"$(inherited)",
					"@executable_path/Frameworks",
				);
				PRODUCT_BUNDLE_IDENTIFIER = ffffff.KVO;
				PRODUCT_NAME = "$(TARGET_NAME)";
				TARGETED_DEVICE_FAMILY = "1,2";
			};
			name = Debug;
		};
		2B25BC6324A30A79008BE5B4 /* Release */ = {
			isa = XCBuildConfiguration;
			buildSettings = {
				ASSETCATALOG_COMPILER_APPICON_NAME = AppIcon;
				CODE_SIGN_STYLE = Automatic;
				INFOPLIST_FILE = KVO/Info.plist;
				LD_RUNPATH_SEARCH_PATHS = (
					"$(inherited)",
					"@executable_path/Frameworks",
				);
				PRODUCT_BUNDLE_IDENTIFIER = ffffff.KVO;
				PRODUCT_NAME = "$(TARGET_NAME)";
				TARGETED_DEVICE_FAMILY = "1,2";
			};
			name = Release;
		};
		2B25BC6524A30A79008BE5B4 /* Debug */ = {
			isa = XCBuildConfiguration;
			buildSettings = {
				BUNDLE_LOADER = "$(TEST_HOST)";
				CODE_SIGN_STYLE = Automatic;
				INFOPLIST_FILE = KVOTests/Info.plist;
				IPHONEOS_DEPLOYMENT_TARGET = 13.5;
				LD_RUNPATH_SEARCH_PATHS = (
					"$(inherited)",
					"@executable_path/Frameworks",
					"@loader_path/Frameworks",
				);
				PRODUCT_BUNDLE_IDENTIFIER = ffffff.KVOTests;
				PRODUCT_NAME = "$(TARGET_NAME)";
				TARGETED_DEVICE_FAMILY = "1,2";
				TEST_HOST = "$(BUILT_PRODUCTS_DIR)/KVO.app/KVO";
			};
			name = Debug;
		};
		2B25BC6624A30A79008BE5B4 /* Release */ = {
			isa = XCBuildConfiguration;
			buildSettings = {
				BUNDLE_LOADER = "$(TEST_HOST)";
				CODE_SIGN_STYLE = Automatic;
				INFOPLIST_FILE = KVOTests/Info.plist;
				IPHONEOS_DEPLOYMENT_TARGET = 13.5;
				LD_RUNPATH_SEARCH_PATHS = (
					"$(inherited)",
					"@executable_path/Frameworks",
					"@loader_path/Frameworks",
				);
				PRODUCT_BUNDLE_IDENTIFIER = ffffff.KVOTests;
				PRODUCT_NAME = "$(TARGET_NAME)";
				TARGETED_DEVICE_FAMILY = "1,2";
				TEST_HOST = "$(BUILT_PRODUCTS_DIR)/KVO.app/KVO";
			};
			name = Release;
		};
		2B25BC6824A30A79008BE5B4 /* Debug */ = {
			isa = XCBuildConfiguration;
			buildSettings = {
				CODE_SIGN_STYLE = Automatic;
				INFOPLIST_FILE = KVOUITests/Info.plist;
				LD_RUNPATH_SEARCH_PATHS = (
					"$(inherited)",
					"@executable_path/Frameworks",
					"@loader_path/Frameworks",
				);
				PRODUCT_BUNDLE_IDENTIFIER = ffffff.KVOUITests;
				PRODUCT_NAME = "$(TARGET_NAME)";
				TARGETED_DEVICE_FAMILY = "1,2";
				TEST_TARGET_NAME = KVO;
			};
			name = Debug;
		};
		2B25BC6924A30A79008BE5B4 /* Release */ = {
			isa = XCBuildConfiguration;
			buildSettings = {
				CODE_SIGN_STYLE = Automatic;
				INFOPLIST_FILE = KVOUITests/Info.plist;
				LD_RUNPATH_SEARCH_PATHS = (
					"$(inherited)",
					"@executable_path/Frameworks",
					"@loader_path/Frameworks",
				);
				PRODUCT_BUNDLE_IDENTIFIER = ffffff.KVOUITests;
				PRODUCT_NAME = "$(TARGET_NAME)";
				TARGETED_DEVICE_FAMILY = "1,2";
				TEST_TARGET_NAME = KVO;
			};
			name = Release;
		};
/* End XCBuildConfiguration section */

/* Begin XCConfigurationList section */
		2B25BC2D24A30A75008BE5B4 /* Build configuration list for PBXProject "KVO" */ = {
			isa = XCConfigurationList;
			buildConfigurations = (
				2B25BC5F24A30A79008BE5B4 /* Debug */,
				2B25BC6024A30A79008BE5B4 /* Release */,
			);
			defaultConfigurationIsVisible = 0;
			defaultConfigurationName = Release;
		};
		2B25BC6124A30A79008BE5B4 /* Build configuration list for PBXNativeTarget "KVO" */ = {
			isa = XCConfigurationList;
			buildConfigurations = (
				2B25BC6224A30A79008BE5B4 /* Debug */,
				2B25BC6324A30A79008BE5B4 /* Release */,
			);
			defaultConfigurationIsVisible = 0;
			defaultConfigurationName = Release;
		};
		2B25BC6424A30A79008BE5B4 /* Build configuration list for PBXNativeTarget "KVOTests" */ = {
			isa = XCConfigurationList;
			buildConfigurations = (
				2B25BC6524A30A79008BE5B4 /* Debug */,
				2B25BC6624A30A79008BE5B4 /* Release */,
			);
			defaultConfigurationIsVisible = 0;
			defaultConfigurationName = Release;
		};
		2B25BC6724A30A79008BE5B4 /* Build configuration list for PBXNativeTarget "KVOUITests" */ = {
			isa = XCConfigurationList;
			buildConfigurations = (
				2B25BC6824A30A79008BE5B4 /* Debug */,
				2B25BC6924A30A79008BE5B4 /* Release */,
			);
			defaultConfigurationIsVisible = 0;
			defaultConfigurationName = Release;
		};
/* End XCConfigurationList section */
	};
	rootObject = 2B25BC2A24A30A75008BE5B4 /* Project object */;
}
